
Microsoft Visual Studio Solution File, Format Version 12.00
# Visual Studio Version 16
VisualStudioVersion = 16.0.29324.140
MinimumVisualStudioVersion = 10.0.40219.1
Project("{FAE04EC0-301F-11D3-BF4B-00C04F79EFBC}") = "Interfaces", "Interfaces\Interfaces.csproj", "{E8246487-32D2-4B27-8F96-814A191F5BB3}"
EndProject
Project("{FAE04EC0-301F-11D3-BF4B-00C04F79EFBC}") = "Figures", "Figures\Figures.csproj", "{CDB936DF-D7BE-4C8D-89C8-A568C3EB5404}"
EndProject
Project("{FAE04EC0-301F-11D3-BF4B-00C04F79EFBC}") = "FiguresFactoryMethod", "FiguresFactoryMethod\FiguresFactoryMethod.csproj", "{7EFEAE1C-1370-4807-A10D-B50EE5D996E7}"
EndProject
Project("{FAE04EC0-301F-11D3-BF4B-00C04F79EFBC}") = "FileWorker", "FileWorker\FileWorker.csproj", "{8D3B402E-78B3-4806-B028-AAE806D6563B}"
EndProject
Project("{FAE04EC0-301F-11D3-BF4B-00C04F79EFBC}") = "Box", "Box\Box.csproj", "{EAA60CF8-FC43-4663-A4A5-9645F78F5191}"
EndProject
Project("{FAE04EC0-301F-11D3-BF4B-00C04F79EFBC}") = "ExceptionsLib", "Exceprtions\ExceptionsLib.csproj", "{677B0078-938A-4404-AF0B-A0D12EA86EEA}"
EndProject
Project("{FAE04EC0-301F-11D3-BF4B-00C04F79EFBC}") = "UnitTests", "UnitTests\UnitTests.csproj", "{06B0C4FF-8BB6-472C-ABCD-1C907FB9D04D}"
EndProject
Global
	GlobalSection(SolutionConfigurationPlatforms) = preSolution
		Debug|Any CPU = Debug|Any CPU
		Release|Any CPU = Release|Any CPU
	EndGlobalSection
	GlobalSection(ProjectConfigurationPlatforms) = postSolution
		{E8246487-32D2-4B27-8F96-814A191F5BB3}.Debug|Any CPU.ActiveCfg = Debug|Any CPU
		{E8246487-32D2-4B27-8F96-814A191F5BB3}.Debug|Any CPU.Build.0 = Debug|Any CPU
		{E8246487-32D2-4B27-8F96-814A191F5BB3}.Release|Any CPU.ActiveCfg = Release|Any CPU
		{E8246487-32D2-4B27-8F96-814A191F5BB3}.Release|Any CPU.Build.0 = Release|Any CPU
		{CDB936DF-D7BE-4C8D-89C8-A568C3EB5404}.Debug|Any CPU.ActiveCfg = Debug|Any CPU
		{CDB936DF-D7BE-4C8D-89C8-A568C3EB5404}.Debug|Any CPU.Build.0 = Debug|Any CPU
		{CDB936DF-D7BE-4C8D-89C8-A568C3EB5404}.Release|Any CPU.ActiveCfg = Release|Any CPU
		{CDB936DF-D7BE-4C8D-89C8-A568C3EB5404}.Release|Any CPU.Build.0 = Release|Any CPU
		{7EFEAE1C-1370-4807-A10D-B50EE5D996E7}.Debug|Any CPU.ActiveCfg = Debug|Any CPU
		{7EFEAE1C-1370-4807-A10D-B50EE5D996E7}.Debug|Any CPU.Build.0 = Debug|Any CPU
		{7EFEAE1C-1370-4807-A10D-B50EE5D996E7}.Release|Any CPU.ActiveCfg = Release|Any CPU
		{7EFEAE1C-1370-4807-A10D-B50EE5D996E7}.Release|Any CPU.Build.0 = Release|Any CPU
		{8D3B402E-78B3-4806-B028-AAE806D6563B}.Debug|Any CPU.ActiveCfg = Debug|Any CPU
		{8D3B402E-78B3-4806-B028-AAE806D6563B}.Debug|Any CPU.Build.0 = Debug|Any CPU
		{8D3B402E-78B3-4806-B028-AAE806D6563B}.Release|Any CPU.ActiveCfg = Release|Any CPU
		{8D3B402E-78B3-4806-B028-AAE806D6563B}.Release|Any CPU.Build.0 = Release|Any CPU
		{EAA60CF8-FC43-4663-A4A5-9645F78F5191}.Debug|Any CPU.ActiveCfg = Debug|Any CPU
		{EAA60CF8-FC43-4663-A4A5-9645F78F5191}.Debug|Any CPU.Build.0 = Debug|Any CPU
		{EAA60CF8-FC43-4663-A4A5-9645F78F5191}.Release|Any CPU.ActiveCfg = Release|Any CPU
		{EAA60CF8-FC43-4663-A4A5-9645F78F5191}.Release|Any CPU.Build.0 = Release|Any CPU
		{677B0078-938A-4404-AF0B-A0D12EA86EEA}.Debug|Any CPU.ActiveCfg = Debug|Any CPU
		{677B0078-938A-4404-AF0B-A0D12EA86EEA}.Debug|Any CPU.Build.0 = Debug|Any CPU
		{677B0078-938A-4404-AF0B-A0D12EA86EEA}.Release|Any CPU.ActiveCfg = Release|Any CPU
		{677B0078-938A-4404-AF0B-A0D12EA86EEA}.Release|Any CPU.Build.0 = Release|Any CPU
		{06B0C4FF-8BB6-472C-ABCD-1C907FB9D04D}.Debug|Any CPU.ActiveCfg = Debug|Any CPU
		{06B0C4FF-8BB6-472C-ABCD-1C907FB9D04D}.Debug|Any CPU.Build.0 = Debug|Any CPU
		{06B0C4FF-8BB6-472C-ABCD-1C907FB9D04D}.Release|Any CPU.ActiveCfg = Release|Any CPU
		{06B0C4FF-8BB6-472C-ABCD-1C907FB9D04D}.Release|Any CPU.Build.0 = Release|Any CPU
	EndGlobalSection
	GlobalSection(SolutionProperties) = preSolution
		HideSolutionNode = FALSE
	EndGlobalSection
	GlobalSection(ExtensibilityGlobals) = postSolution
		SolutionGuid = {553D8540-F98A-46D9-90BD-E67092E7812F}
	EndGlobalSection
EndGlobal
