
Microsoft Visual Studio Solution File, Format Version 12.00
# Visual Studio Version 16
VisualStudioVersion = 16.0.29324.140
MinimumVisualStudioVersion = 10.0.40219.1
Project("{FAE04EC0-301F-11D3-BF4B-00C04F79EFBC}") = "Interfaces", "Interfaces\Interfaces.csproj", "{E8246487-32D2-4B27-8F96-814A191F5BB3}"
EndProject
Project("{FAE04EC0-301F-11D3-BF4B-00C04F79EFBC}") = "Figures", "Figures\Figures.csproj", "{CDB936DF-D7BE-4C8D-89C8-A568C3EB5404}"
EndProject
Global
	GlobalSection(SolutionConfigurationPlatforms) = preSolution
		Debug|Any CPU = Debug|Any CPU
		Release|Any CPU = Release|Any CPU
	EndGlobalSection
	GlobalSection(ProjectConfigurationPlatforms) = postSolution
		{E8246487-32D2-4B27-8F96-814A191F5BB3}.Debug|Any CPU.ActiveCfg = Debug|Any CPU
		{E8246487-32D2-4B27-8F96-814A191F5BB3}.Debug|Any CPU.Build.0 = Debug|Any CPU
		{E8246487-32D2-4B27-8F96-814A191F5BB3}.Release|Any CPU.ActiveCfg = Release|Any CPU
		{E8246487-32D2-4B27-8F96-814A191F5BB3}.Release|Any CPU.Build.0 = Release|Any CPU
		{CDB936DF-D7BE-4C8D-89C8-A568C3EB5404}.Debug|Any CPU.ActiveCfg = Debug|Any CPU
		{CDB936DF-D7BE-4C8D-89C8-A568C3EB5404}.Debug|Any CPU.Build.0 = Debug|Any CPU
		{CDB936DF-D7BE-4C8D-89C8-A568C3EB5404}.Release|Any CPU.ActiveCfg = Release|Any CPU
		{CDB936DF-D7BE-4C8D-89C8-A568C3EB5404}.Release|Any CPU.Build.0 = Release|Any CPU
	EndGlobalSection
	GlobalSection(SolutionProperties) = preSolution
		HideSolutionNode = FALSE
	EndGlobalSection
	GlobalSection(ExtensibilityGlobals) = postSolution
		SolutionGuid = {553D8540-F98A-46D9-90BD-E67092E7812F}
	EndGlobalSection
EndGlobal
