
Microsoft Visual Studio Solution File, Format Version 12.00
# Visual Studio Version 16
VisualStudioVersion = 16.0.29324.140
MinimumVisualStudioVersion = 10.0.40219.1
Project("{FAE04EC0-301F-11D3-BF4B-00C04F79EFBC}") = "VPLib", "VectorLib\VPLib.csproj", "{69B3747D-2E57-4232-B26D-2221A9C9F971}"
EndProject
Project("{FAE04EC0-301F-11D3-BF4B-00C04F79EFBC}") = "UnitTests", "UnitTests\UnitTests.csproj", "{9314B0B4-6C34-4A96-B143-F3A26AB22AE6}"
EndProject
Global
	GlobalSection(SolutionConfigurationPlatforms) = preSolution
		Debug|Any CPU = Debug|Any CPU
		Release|Any CPU = Release|Any CPU
	EndGlobalSection
	GlobalSection(ProjectConfigurationPlatforms) = postSolution
		{69B3747D-2E57-4232-B26D-2221A9C9F971}.Debug|Any CPU.ActiveCfg = Debug|Any CPU
		{69B3747D-2E57-4232-B26D-2221A9C9F971}.Debug|Any CPU.Build.0 = Debug|Any CPU
		{69B3747D-2E57-4232-B26D-2221A9C9F971}.Release|Any CPU.ActiveCfg = Release|Any CPU
		{69B3747D-2E57-4232-B26D-2221A9C9F971}.Release|Any CPU.Build.0 = Release|Any CPU
		{9314B0B4-6C34-4A96-B143-F3A26AB22AE6}.Debug|Any CPU.ActiveCfg = Debug|Any CPU
		{9314B0B4-6C34-4A96-B143-F3A26AB22AE6}.Debug|Any CPU.Build.0 = Debug|Any CPU
		{9314B0B4-6C34-4A96-B143-F3A26AB22AE6}.Release|Any CPU.ActiveCfg = Release|Any CPU
		{9314B0B4-6C34-4A96-B143-F3A26AB22AE6}.Release|Any CPU.Build.0 = Release|Any CPU
	EndGlobalSection
	GlobalSection(SolutionProperties) = preSolution
		HideSolutionNode = FALSE
	EndGlobalSection
	GlobalSection(ExtensibilityGlobals) = postSolution
		SolutionGuid = {AB1323CC-79C4-4372-867D-315CE35A9C8F}
	EndGlobalSection
EndGlobal
